// !$*UTF8*$!
{
	archiveVersion = 1;
	classes = {
	};
	objectVersion = 51;
	objects = {

/* Begin PBXBuildFile section */
		0C0877DE25D4072300A23B1A /* AddToSiriModalView.swift in Sources */ = {isa = PBXBuildFile; fileRef = A73642B825D2B41600E88AE8 /* AddToSiriModalView.swift */; };
		0C0877DF25D4072300A23B1A /* AddToSiriModalView.swift in Sources */ = {isa = PBXBuildFile; fileRef = A73642B825D2B41600E88AE8 /* AddToSiriModalView.swift */; };
		0C08780625D4089100A23B1A /* CarnivalBlock.swift in Sources */ = {isa = PBXBuildFile; fileRef = 0C08780525D4089100A23B1A /* CarnivalBlock.swift */; };
		0C08785425D4147D00A23B1A /* FirebaseHandlerTests.swift in Sources */ = {isa = PBXBuildFile; fileRef = 0C08785325D4147D00A23B1A /* FirebaseHandlerTests.swift */; };
		0C08785825D415A500A23B1A /* CarnivalBlock.swift in Sources */ = {isa = PBXBuildFile; fileRef = 0C08780525D4089100A23B1A /* CarnivalBlock.swift */; };
		0C08785C25D415A600A23B1A /* CarnivalBlock.swift in Sources */ = {isa = PBXBuildFile; fileRef = 0C08780525D4089100A23B1A /* CarnivalBlock.swift */; };
		0C311F1E25D5547E007771F2 /* HomeHeaderView.swift in Sources */ = {isa = PBXBuildFile; fileRef = 0C311F1D25D5547E007771F2 /* HomeHeaderView.swift */; };
		0C311F1F25D5547E007771F2 /* HomeHeaderView.swift in Sources */ = {isa = PBXBuildFile; fileRef = 0C311F1D25D5547E007771F2 /* HomeHeaderView.swift */; };
		0C311F2025D5547E007771F2 /* HomeHeaderView.swift in Sources */ = {isa = PBXBuildFile; fileRef = 0C311F1D25D5547E007771F2 /* HomeHeaderView.swift */; };
		0C311F2525D55546007771F2 /* CarnivalBlockView.swift in Sources */ = {isa = PBXBuildFile; fileRef = 0C311F2425D55546007771F2 /* CarnivalBlockView.swift */; };
		0C311F2625D55546007771F2 /* CarnivalBlockView.swift in Sources */ = {isa = PBXBuildFile; fileRef = 0C311F2425D55546007771F2 /* CarnivalBlockView.swift */; };
		0C311F2725D55546007771F2 /* CarnivalBlockView.swift in Sources */ = {isa = PBXBuildFile; fileRef = 0C311F2425D55546007771F2 /* CarnivalBlockView.swift */; };
		0C311F2C25D558DE007771F2 /* ProfileView.swift in Sources */ = {isa = PBXBuildFile; fileRef = 0C311F2B25D558DE007771F2 /* ProfileView.swift */; };
		0C311F2D25D558DE007771F2 /* ProfileView.swift in Sources */ = {isa = PBXBuildFile; fileRef = 0C311F2B25D558DE007771F2 /* ProfileView.swift */; };
		0C311F2E25D558DE007771F2 /* ProfileView.swift in Sources */ = {isa = PBXBuildFile; fileRef = 0C311F2B25D558DE007771F2 /* ProfileView.swift */; };
		0C311F3925D55BBE007771F2 /* CarnivalBlockList.swift in Sources */ = {isa = PBXBuildFile; fileRef = 0C311F3825D55BBE007771F2 /* CarnivalBlockList.swift */; };
		0C311F3A25D55BBE007771F2 /* CarnivalBlockList.swift in Sources */ = {isa = PBXBuildFile; fileRef = 0C311F3825D55BBE007771F2 /* CarnivalBlockList.swift */; };
		0C311F3B25D55BBE007771F2 /* CarnivalBlockList.swift in Sources */ = {isa = PBXBuildFile; fileRef = 0C311F3825D55BBE007771F2 /* CarnivalBlockList.swift */; };
		0CD9EB9A25D2C25E0055E87E /* HomeView.swift in Sources */ = {isa = PBXBuildFile; fileRef = 0CD9EB9925D2C25E0055E87E /* HomeView.swift */; };
		0CD9EB9B25D2C25E0055E87E /* HomeView.swift in Sources */ = {isa = PBXBuildFile; fileRef = 0CD9EB9925D2C25E0055E87E /* HomeView.swift */; };
		0CD9EB9C25D2C25E0055E87E /* HomeView.swift in Sources */ = {isa = PBXBuildFile; fileRef = 0CD9EB9925D2C25E0055E87E /* HomeView.swift */; };
		0CD9EBA125D2C2C70055E87E /* HomeViewTests.swift in Sources */ = {isa = PBXBuildFile; fileRef = 0CD9EBA025D2C2C70055E87E /* HomeViewTests.swift */; };
		2A944434C441A8F7A5224C96 /* Pods_Muvuca_MuvucaUITests.framework in Frameworks */ = {isa = PBXBuildFile; fileRef = EAA2FA5A7B37E721B64872C6 /* Pods_Muvuca_MuvucaUITests.framework */; };
		46D8522183D9182BC261B3FD /* Pods_Muvuca.framework in Frameworks */ = {isa = PBXBuildFile; fileRef = 7E5410276D8934CCFF0B4FD8 /* Pods_Muvuca.framework */; };
		855C7DDC25D3FF57004E35CB /* FirebaseHandler.swift in Sources */ = {isa = PBXBuildFile; fileRef = 855C7DDB25D3FF57004E35CB /* FirebaseHandler.swift */; };
		855C7DDD25D3FF57004E35CB /* FirebaseHandler.swift in Sources */ = {isa = PBXBuildFile; fileRef = 855C7DDB25D3FF57004E35CB /* FirebaseHandler.swift */; };
		855C7DDE25D3FF57004E35CB /* FirebaseHandler.swift in Sources */ = {isa = PBXBuildFile; fileRef = 855C7DDB25D3FF57004E35CB /* FirebaseHandler.swift */; };
		8563CA0125D2D19400BF9BF6 /* CarnivalBlocks.swift in Sources */ = {isa = PBXBuildFile; fileRef = 8563CA0025D2D19400BF9BF6 /* CarnivalBlocks.swift */; };
		8563CA0225D2D19400BF9BF6 /* CarnivalBlocks.swift in Sources */ = {isa = PBXBuildFile; fileRef = 8563CA0025D2D19400BF9BF6 /* CarnivalBlocks.swift */; };
		8563CA0325D2D19400BF9BF6 /* CarnivalBlocks.swift in Sources */ = {isa = PBXBuildFile; fileRef = 8563CA0025D2D19400BF9BF6 /* CarnivalBlocks.swift */; };
		8578619B25D5905E00D7540E /* UseWithSiriUIView.swift in Sources */ = {isa = PBXBuildFile; fileRef = 8578619A25D5905E00D7540E /* UseWithSiriUIView.swift */; };
		857861F125D5B49B00D7540E /* MapUIView.swift in Sources */ = {isa = PBXBuildFile; fileRef = 857861F025D5B49B00D7540E /* MapUIView.swift */; };
		85BBE4B225D2C43100E98128 /* GoogleService-Info.plist in Resources */ = {isa = PBXBuildFile; fileRef = 85BBE4B125D2C43100E98128 /* GoogleService-Info.plist */; };
		85BBE4B325D2C43100E98128 /* GoogleService-Info.plist in Resources */ = {isa = PBXBuildFile; fileRef = 85BBE4B125D2C43100E98128 /* GoogleService-Info.plist */; };
		85BBE4B425D2C43100E98128 /* GoogleService-Info.plist in Resources */ = {isa = PBXBuildFile; fileRef = 85BBE4B125D2C43100E98128 /* GoogleService-Info.plist */; };
		87C6D91E6BC905E1515E5272 /* Pods_MuvucaTests.framework in Frameworks */ = {isa = PBXBuildFile; fileRef = 928CE3FC5F9DC9307DF7F84E /* Pods_MuvucaTests.framework */; };
		A711001125D1814F00FC7F81 /* MuvucaApp.swift in Sources */ = {isa = PBXBuildFile; fileRef = A711001025D1814F00FC7F81 /* MuvucaApp.swift */; };
		A711001325D1814F00FC7F81 /* ContentView.swift in Sources */ = {isa = PBXBuildFile; fileRef = A711001225D1814F00FC7F81 /* ContentView.swift */; };
		A711001525D1815100FC7F81 /* Assets.xcassets in Resources */ = {isa = PBXBuildFile; fileRef = A711001425D1815100FC7F81 /* Assets.xcassets */; };
		A711001825D1815100FC7F81 /* Preview Assets.xcassets in Resources */ = {isa = PBXBuildFile; fileRef = A711001725D1815100FC7F81 /* Preview Assets.xcassets */; };
		A711002325D1815200FC7F81 /* MuvucaTests.swift in Sources */ = {isa = PBXBuildFile; fileRef = A711002225D1815200FC7F81 /* MuvucaTests.swift */; };
		A711002E25D1815200FC7F81 /* MuvucaUITests.swift in Sources */ = {isa = PBXBuildFile; fileRef = A711002D25D1815200FC7F81 /* MuvucaUITests.swift */; };
		A73642B925D2B41600E88AE8 /* AddToSiriModalView.swift in Sources */ = {isa = PBXBuildFile; fileRef = A73642B825D2B41600E88AE8 /* AddToSiriModalView.swift */; };
		A73642C125D2BA9200E88AE8 /* IntentController.swift in Sources */ = {isa = PBXBuildFile; fileRef = A73642C025D2BA9200E88AE8 /* IntentController.swift */; };
		A7ED332225D4218D00D465C2 /* Intents.framework in Frameworks */ = {isa = PBXBuildFile; fileRef = A7ED332125D4218D00D465C2 /* Intents.framework */; };
		A7ED332525D4218D00D465C2 /* IntentHandler.swift in Sources */ = {isa = PBXBuildFile; fileRef = A7ED332425D4218D00D465C2 /* IntentHandler.swift */; };
		A7ED332D25D4218D00D465C2 /* IntentsUI.framework in Frameworks */ = {isa = PBXBuildFile; fileRef = A7ED332C25D4218D00D465C2 /* IntentsUI.framework */; };
		A7ED333025D4218D00D465C2 /* IntentViewController.swift in Sources */ = {isa = PBXBuildFile; fileRef = A7ED332F25D4218D00D465C2 /* IntentViewController.swift */; };
		A7ED333325D4218D00D465C2 /* MainInterface.storyboard in Resources */ = {isa = PBXBuildFile; fileRef = A7ED333125D4218D00D465C2 /* MainInterface.storyboard */; };
		A7ED333725D4218D00D465C2 /* MuvucaIntentsUI.appex in Embed App Extensions */ = {isa = PBXBuildFile; fileRef = A7ED332B25D4218D00D465C2 /* MuvucaIntentsUI.appex */; settings = {ATTRIBUTES = (RemoveHeadersOnCopy, ); }; };
		A7ED333A25D4218D00D465C2 /* MuvucaIntents.appex in Embed App Extensions */ = {isa = PBXBuildFile; fileRef = A7ED332025D4218D00D465C2 /* MuvucaIntents.appex */; settings = {ATTRIBUTES = (RemoveHeadersOnCopy, ); }; };
		A7ED334825D4226E00D465C2 /* Intents.intentdefinition in Sources */ = {isa = PBXBuildFile; fileRef = A7ED334725D4226E00D465C2 /* Intents.intentdefinition */; };
		A7ED334925D4226E00D465C2 /* Intents.intentdefinition in Sources */ = {isa = PBXBuildFile; fileRef = A7ED334725D4226E00D465C2 /* Intents.intentdefinition */; };
		A7ED334A25D4226E00D465C2 /* Intents.intentdefinition in Sources */ = {isa = PBXBuildFile; fileRef = A7ED334725D4226E00D465C2 /* Intents.intentdefinition */; };
		A7ED337925D428BB00D465C2 /* ViewBlocksIntentHandler.swift in Sources */ = {isa = PBXBuildFile; fileRef = A7ED337825D428BB00D465C2 /* ViewBlocksIntentHandler.swift */; };
		A7ED337A25D428BB00D465C2 /* ViewBlocksIntentHandler.swift in Sources */ = {isa = PBXBuildFile; fileRef = A7ED337825D428BB00D465C2 /* ViewBlocksIntentHandler.swift */; };
		A7ED337B25D428BB00D465C2 /* ViewBlocksIntentHandler.swift in Sources */ = {isa = PBXBuildFile; fileRef = A7ED337825D428BB00D465C2 /* ViewBlocksIntentHandler.swift */; };
/* End PBXBuildFile section */

/* Begin PBXContainerItemProxy section */
		A711001F25D1815200FC7F81 /* PBXContainerItemProxy */ = {
			isa = PBXContainerItemProxy;
			containerPortal = A711000525D1814F00FC7F81 /* Project object */;
			proxyType = 1;
			remoteGlobalIDString = A711000C25D1814F00FC7F81;
			remoteInfo = Muvuca;
		};
		A711002A25D1815200FC7F81 /* PBXContainerItemProxy */ = {
			isa = PBXContainerItemProxy;
			containerPortal = A711000525D1814F00FC7F81 /* Project object */;
			proxyType = 1;
			remoteGlobalIDString = A711000C25D1814F00FC7F81;
			remoteInfo = Muvuca;
		};
		A7ED333525D4218D00D465C2 /* PBXContainerItemProxy */ = {
			isa = PBXContainerItemProxy;
			containerPortal = A711000525D1814F00FC7F81 /* Project object */;
			proxyType = 1;
			remoteGlobalIDString = A7ED332A25D4218D00D465C2;
			remoteInfo = MuvucaIntentsUI;
		};
		A7ED333825D4218D00D465C2 /* PBXContainerItemProxy */ = {
			isa = PBXContainerItemProxy;
			containerPortal = A711000525D1814F00FC7F81 /* Project object */;
			proxyType = 1;
			remoteGlobalIDString = A7ED331F25D4218D00D465C2;
			remoteInfo = MuvucaIntents;
		};
/* End PBXContainerItemProxy section */

/* Begin PBXCopyFilesBuildPhase section */
		A7ED334125D4218D00D465C2 /* Embed App Extensions */ = {
			isa = PBXCopyFilesBuildPhase;
			buildActionMask = 2147483647;
			dstPath = "";
			dstSubfolderSpec = 13;
			files = (
				A7ED333725D4218D00D465C2 /* MuvucaIntentsUI.appex in Embed App Extensions */,
				A7ED333A25D4218D00D465C2 /* MuvucaIntents.appex in Embed App Extensions */,
			);
			name = "Embed App Extensions";
			runOnlyForDeploymentPostprocessing = 0;
		};
/* End PBXCopyFilesBuildPhase section */

/* Begin PBXFileReference section */
		0C08780525D4089100A23B1A /* CarnivalBlock.swift */ = {isa = PBXFileReference; lastKnownFileType = sourcecode.swift; path = CarnivalBlock.swift; sourceTree = "<group>"; };
		0C08785325D4147D00A23B1A /* FirebaseHandlerTests.swift */ = {isa = PBXFileReference; lastKnownFileType = sourcecode.swift; path = FirebaseHandlerTests.swift; sourceTree = "<group>"; };
		0C311F1D25D5547E007771F2 /* HomeHeaderView.swift */ = {isa = PBXFileReference; lastKnownFileType = sourcecode.swift; path = HomeHeaderView.swift; sourceTree = "<group>"; };
		0C311F2425D55546007771F2 /* CarnivalBlockView.swift */ = {isa = PBXFileReference; lastKnownFileType = sourcecode.swift; path = CarnivalBlockView.swift; sourceTree = "<group>"; };
		0C311F2B25D558DE007771F2 /* ProfileView.swift */ = {isa = PBXFileReference; lastKnownFileType = sourcecode.swift; path = ProfileView.swift; sourceTree = "<group>"; };
		0C311F3825D55BBE007771F2 /* CarnivalBlockList.swift */ = {isa = PBXFileReference; lastKnownFileType = sourcecode.swift; path = CarnivalBlockList.swift; sourceTree = "<group>"; };
		0CD9EB9925D2C25E0055E87E /* HomeView.swift */ = {isa = PBXFileReference; lastKnownFileType = sourcecode.swift; path = HomeView.swift; sourceTree = "<group>"; };
		0CD9EBA025D2C2C70055E87E /* HomeViewTests.swift */ = {isa = PBXFileReference; lastKnownFileType = sourcecode.swift; path = HomeViewTests.swift; sourceTree = "<group>"; };
		2446EF23230151C5D9E1893E /* Pods-MuvucaTests.debug.xcconfig */ = {isa = PBXFileReference; includeInIndex = 1; lastKnownFileType = text.xcconfig; name = "Pods-MuvucaTests.debug.xcconfig"; path = "Target Support Files/Pods-MuvucaTests/Pods-MuvucaTests.debug.xcconfig"; sourceTree = "<group>"; };
		2D8E023129EA157CE561EB6F /* Pods-Muvuca.release.xcconfig */ = {isa = PBXFileReference; includeInIndex = 1; lastKnownFileType = text.xcconfig; name = "Pods-Muvuca.release.xcconfig"; path = "Target Support Files/Pods-Muvuca/Pods-Muvuca.release.xcconfig"; sourceTree = "<group>"; };
		6BB4BCAB92B40A8FB370F2A4 /* Pods-Muvuca.debug.xcconfig */ = {isa = PBXFileReference; includeInIndex = 1; lastKnownFileType = text.xcconfig; name = "Pods-Muvuca.debug.xcconfig"; path = "Target Support Files/Pods-Muvuca/Pods-Muvuca.debug.xcconfig"; sourceTree = "<group>"; };
		7E5410276D8934CCFF0B4FD8 /* Pods_Muvuca.framework */ = {isa = PBXFileReference; explicitFileType = wrapper.framework; includeInIndex = 0; path = Pods_Muvuca.framework; sourceTree = BUILT_PRODUCTS_DIR; };
		7EA73191860A5848387F413E /* Pods-MuvucaTests.release.xcconfig */ = {isa = PBXFileReference; includeInIndex = 1; lastKnownFileType = text.xcconfig; name = "Pods-MuvucaTests.release.xcconfig"; path = "Target Support Files/Pods-MuvucaTests/Pods-MuvucaTests.release.xcconfig"; sourceTree = "<group>"; };
		855C7DDB25D3FF57004E35CB /* FirebaseHandler.swift */ = {isa = PBXFileReference; lastKnownFileType = sourcecode.swift; path = FirebaseHandler.swift; sourceTree = "<group>"; };
		8563CA0025D2D19400BF9BF6 /* CarnivalBlocks.swift */ = {isa = PBXFileReference; lastKnownFileType = sourcecode.swift; path = CarnivalBlocks.swift; sourceTree = "<group>"; };
		8578619A25D5905E00D7540E /* UseWithSiriUIView.swift */ = {isa = PBXFileReference; lastKnownFileType = sourcecode.swift; path = UseWithSiriUIView.swift; sourceTree = "<group>"; };
		857861F025D5B49B00D7540E /* MapUIView.swift */ = {isa = PBXFileReference; lastKnownFileType = sourcecode.swift; path = MapUIView.swift; sourceTree = "<group>"; };
		85BBE4B125D2C43100E98128 /* GoogleService-Info.plist */ = {isa = PBXFileReference; fileEncoding = 4; lastKnownFileType = text.plist.xml; path = "GoogleService-Info.plist"; sourceTree = "<group>"; };
		86CC1D57FCFEF53F8ED44594 /* Pods-Muvuca-MuvucaUITests.debug.xcconfig */ = {isa = PBXFileReference; includeInIndex = 1; lastKnownFileType = text.xcconfig; name = "Pods-Muvuca-MuvucaUITests.debug.xcconfig"; path = "Target Support Files/Pods-Muvuca-MuvucaUITests/Pods-Muvuca-MuvucaUITests.debug.xcconfig"; sourceTree = "<group>"; };
		928CE3FC5F9DC9307DF7F84E /* Pods_MuvucaTests.framework */ = {isa = PBXFileReference; explicitFileType = wrapper.framework; includeInIndex = 0; path = Pods_MuvucaTests.framework; sourceTree = BUILT_PRODUCTS_DIR; };
		A711000D25D1814F00FC7F81 /* Muvuca.app */ = {isa = PBXFileReference; explicitFileType = wrapper.application; includeInIndex = 0; path = Muvuca.app; sourceTree = BUILT_PRODUCTS_DIR; };
		A711001025D1814F00FC7F81 /* MuvucaApp.swift */ = {isa = PBXFileReference; lastKnownFileType = sourcecode.swift; path = MuvucaApp.swift; sourceTree = "<group>"; };
		A711001225D1814F00FC7F81 /* ContentView.swift */ = {isa = PBXFileReference; lastKnownFileType = sourcecode.swift; path = ContentView.swift; sourceTree = "<group>"; };
		A711001425D1815100FC7F81 /* Assets.xcassets */ = {isa = PBXFileReference; lastKnownFileType = folder.assetcatalog; path = Assets.xcassets; sourceTree = "<group>"; };
		A711001725D1815100FC7F81 /* Preview Assets.xcassets */ = {isa = PBXFileReference; lastKnownFileType = folder.assetcatalog; path = "Preview Assets.xcassets"; sourceTree = "<group>"; };
		A711001925D1815100FC7F81 /* Info.plist */ = {isa = PBXFileReference; lastKnownFileType = text.plist.xml; path = Info.plist; sourceTree = "<group>"; };
		A711001E25D1815200FC7F81 /* MuvucaTests.xctest */ = {isa = PBXFileReference; explicitFileType = wrapper.cfbundle; includeInIndex = 0; path = MuvucaTests.xctest; sourceTree = BUILT_PRODUCTS_DIR; };
		A711002225D1815200FC7F81 /* MuvucaTests.swift */ = {isa = PBXFileReference; lastKnownFileType = sourcecode.swift; path = MuvucaTests.swift; sourceTree = "<group>"; };
		A711002425D1815200FC7F81 /* Info.plist */ = {isa = PBXFileReference; lastKnownFileType = text.plist.xml; path = Info.plist; sourceTree = "<group>"; };
		A711002925D1815200FC7F81 /* MuvucaUITests.xctest */ = {isa = PBXFileReference; explicitFileType = wrapper.cfbundle; includeInIndex = 0; path = MuvucaUITests.xctest; sourceTree = BUILT_PRODUCTS_DIR; };
		A711002D25D1815200FC7F81 /* MuvucaUITests.swift */ = {isa = PBXFileReference; lastKnownFileType = sourcecode.swift; path = MuvucaUITests.swift; sourceTree = "<group>"; };
		A711002F25D1815200FC7F81 /* Info.plist */ = {isa = PBXFileReference; lastKnownFileType = text.plist.xml; path = Info.plist; sourceTree = "<group>"; };
		A73642B825D2B41600E88AE8 /* AddToSiriModalView.swift */ = {isa = PBXFileReference; lastKnownFileType = sourcecode.swift; path = AddToSiriModalView.swift; sourceTree = "<group>"; };
		A73642C025D2BA9200E88AE8 /* IntentController.swift */ = {isa = PBXFileReference; lastKnownFileType = sourcecode.swift; path = IntentController.swift; sourceTree = "<group>"; };
		A7B2C01025D5AFF9002DB15E /* pt-BR */ = {isa = PBXFileReference; lastKnownFileType = text.plist.strings; name = "pt-BR"; path = "pt-BR.lproj/MainInterface.strings"; sourceTree = "<group>"; };
		A7ED331825D4215100D465C2 /* Muvuca.entitlements */ = {isa = PBXFileReference; lastKnownFileType = text.plist.entitlements; path = Muvuca.entitlements; sourceTree = "<group>"; };
		A7ED332025D4218D00D465C2 /* MuvucaIntents.appex */ = {isa = PBXFileReference; explicitFileType = "wrapper.app-extension"; includeInIndex = 0; path = MuvucaIntents.appex; sourceTree = BUILT_PRODUCTS_DIR; };
		A7ED332125D4218D00D465C2 /* Intents.framework */ = {isa = PBXFileReference; lastKnownFileType = wrapper.framework; name = Intents.framework; path = System/Library/Frameworks/Intents.framework; sourceTree = SDKROOT; };
		A7ED332425D4218D00D465C2 /* IntentHandler.swift */ = {isa = PBXFileReference; lastKnownFileType = sourcecode.swift; path = IntentHandler.swift; sourceTree = "<group>"; };
		A7ED332625D4218D00D465C2 /* Info.plist */ = {isa = PBXFileReference; lastKnownFileType = text.plist.xml; path = Info.plist; sourceTree = "<group>"; };
		A7ED332B25D4218D00D465C2 /* MuvucaIntentsUI.appex */ = {isa = PBXFileReference; explicitFileType = "wrapper.app-extension"; includeInIndex = 0; path = MuvucaIntentsUI.appex; sourceTree = BUILT_PRODUCTS_DIR; };
		A7ED332C25D4218D00D465C2 /* IntentsUI.framework */ = {isa = PBXFileReference; lastKnownFileType = wrapper.framework; name = IntentsUI.framework; path = System/Library/Frameworks/IntentsUI.framework; sourceTree = SDKROOT; };
		A7ED332F25D4218D00D465C2 /* IntentViewController.swift */ = {isa = PBXFileReference; lastKnownFileType = sourcecode.swift; path = IntentViewController.swift; sourceTree = "<group>"; };
		A7ED333225D4218D00D465C2 /* Base */ = {isa = PBXFileReference; lastKnownFileType = file.storyboard; name = Base; path = Base.lproj/MainInterface.storyboard; sourceTree = "<group>"; };
		A7ED333425D4218D00D465C2 /* Info.plist */ = {isa = PBXFileReference; lastKnownFileType = text.plist.xml; path = Info.plist; sourceTree = "<group>"; };
		A7ED334725D4226E00D465C2 /* Intents.intentdefinition */ = {isa = PBXFileReference; lastKnownFileType = file.intentdefinition; path = Intents.intentdefinition; sourceTree = "<group>"; };
		A7ED337825D428BB00D465C2 /* ViewBlocksIntentHandler.swift */ = {isa = PBXFileReference; lastKnownFileType = sourcecode.swift; path = ViewBlocksIntentHandler.swift; sourceTree = "<group>"; };
		DF9276E8C981AF0502FD9639 /* Pods-Muvuca-MuvucaUITests.release.xcconfig */ = {isa = PBXFileReference; includeInIndex = 1; lastKnownFileType = text.xcconfig; name = "Pods-Muvuca-MuvucaUITests.release.xcconfig"; path = "Target Support Files/Pods-Muvuca-MuvucaUITests/Pods-Muvuca-MuvucaUITests.release.xcconfig"; sourceTree = "<group>"; };
		EAA2FA5A7B37E721B64872C6 /* Pods_Muvuca_MuvucaUITests.framework */ = {isa = PBXFileReference; explicitFileType = wrapper.framework; includeInIndex = 0; path = Pods_Muvuca_MuvucaUITests.framework; sourceTree = BUILT_PRODUCTS_DIR; };
/* End PBXFileReference section */

/* Begin PBXFrameworksBuildPhase section */
		A711000A25D1814F00FC7F81 /* Frameworks */ = {
			isa = PBXFrameworksBuildPhase;
			buildActionMask = 2147483647;
			files = (
				46D8522183D9182BC261B3FD /* Pods_Muvuca.framework in Frameworks */,
			);
			runOnlyForDeploymentPostprocessing = 0;
		};
		A711001B25D1815200FC7F81 /* Frameworks */ = {
			isa = PBXFrameworksBuildPhase;
			buildActionMask = 2147483647;
			files = (
				87C6D91E6BC905E1515E5272 /* Pods_MuvucaTests.framework in Frameworks */,
			);
			runOnlyForDeploymentPostprocessing = 0;
		};
		A711002625D1815200FC7F81 /* Frameworks */ = {
			isa = PBXFrameworksBuildPhase;
			buildActionMask = 2147483647;
			files = (
				2A944434C441A8F7A5224C96 /* Pods_Muvuca_MuvucaUITests.framework in Frameworks */,
			);
			runOnlyForDeploymentPostprocessing = 0;
		};
		A7ED331D25D4218D00D465C2 /* Frameworks */ = {
			isa = PBXFrameworksBuildPhase;
			buildActionMask = 2147483647;
			files = (
				A7ED332225D4218D00D465C2 /* Intents.framework in Frameworks */,
			);
			runOnlyForDeploymentPostprocessing = 0;
		};
		A7ED332825D4218D00D465C2 /* Frameworks */ = {
			isa = PBXFrameworksBuildPhase;
			buildActionMask = 2147483647;
			files = (
				A7ED332D25D4218D00D465C2 /* IntentsUI.framework in Frameworks */,
			);
			runOnlyForDeploymentPostprocessing = 0;
		};
/* End PBXFrameworksBuildPhase section */

/* Begin PBXGroup section */
		0C0877D525D4070000A23B1A /* Models */ = {
			isa = PBXGroup;
			children = (
				855C7DDB25D3FF57004E35CB /* FirebaseHandler.swift */,
				0C08780525D4089100A23B1A /* CarnivalBlock.swift */,
			);
			path = Models;
			sourceTree = "<group>";
		};
		0C0877D625D4070800A23B1A /* Views */ = {
			isa = PBXGroup;
			children = (
				A711001225D1814F00FC7F81 /* ContentView.swift */,
				0CD9EB9925D2C25E0055E87E /* HomeView.swift */,
				857861F025D5B49B00D7540E /* MapUIView.swift */,
				A73642B825D2B41600E88AE8 /* AddToSiriModalView.swift */,
				0C311F1D25D5547E007771F2 /* HomeHeaderView.swift */,
				0C311F2425D55546007771F2 /* CarnivalBlockView.swift */,
				0C311F2B25D558DE007771F2 /* ProfileView.swift */,
				0C311F3825D55BBE007771F2 /* CarnivalBlockList.swift */,
			);
			path = Views;
			sourceTree = "<group>";
		};
		0C0877DA25D4071100A23B1A /* ViewModels */ = {
			isa = PBXGroup;
			children = (
				8563CA0025D2D19400BF9BF6 /* CarnivalBlocks.swift */,
			);
			path = ViewModels;
			sourceTree = "<group>";
		};
		198457C13224E57F979804DE /* Pods */ = {
			isa = PBXGroup;
			children = (
				6BB4BCAB92B40A8FB370F2A4 /* Pods-Muvuca.debug.xcconfig */,
				2D8E023129EA157CE561EB6F /* Pods-Muvuca.release.xcconfig */,
				86CC1D57FCFEF53F8ED44594 /* Pods-Muvuca-MuvucaUITests.debug.xcconfig */,
				DF9276E8C981AF0502FD9639 /* Pods-Muvuca-MuvucaUITests.release.xcconfig */,
				2446EF23230151C5D9E1893E /* Pods-MuvucaTests.debug.xcconfig */,
				7EA73191860A5848387F413E /* Pods-MuvucaTests.release.xcconfig */,
			);
			path = Pods;
			sourceTree = "<group>";
		};
		376D8835C613EC33500D0630 /* Frameworks */ = {
			isa = PBXGroup;
			children = (
				7E5410276D8934CCFF0B4FD8 /* Pods_Muvuca.framework */,
				EAA2FA5A7B37E721B64872C6 /* Pods_Muvuca_MuvucaUITests.framework */,
				928CE3FC5F9DC9307DF7F84E /* Pods_MuvucaTests.framework */,
				A7ED332125D4218D00D465C2 /* Intents.framework */,
				A7ED332C25D4218D00D465C2 /* IntentsUI.framework */,
			);
			name = Frameworks;
			sourceTree = "<group>";
		};
		A711000425D1814F00FC7F81 = {
			isa = PBXGroup;
			children = (
				A711000F25D1814F00FC7F81 /* Muvuca */,
				A711002125D1815200FC7F81 /* MuvucaTests */,
				A711002C25D1815200FC7F81 /* MuvucaUITests */,
				A7ED332325D4218D00D465C2 /* MuvucaIntents */,
				A7ED332E25D4218D00D465C2 /* MuvucaIntentsUI */,
				A711000E25D1814F00FC7F81 /* Products */,
				198457C13224E57F979804DE /* Pods */,
				376D8835C613EC33500D0630 /* Frameworks */,
			);
			sourceTree = "<group>";
		};
		A711000E25D1814F00FC7F81 /* Products */ = {
			isa = PBXGroup;
			children = (
				A711000D25D1814F00FC7F81 /* Muvuca.app */,
				A711001E25D1815200FC7F81 /* MuvucaTests.xctest */,
				A711002925D1815200FC7F81 /* MuvucaUITests.xctest */,
				A7ED332025D4218D00D465C2 /* MuvucaIntents.appex */,
				A7ED332B25D4218D00D465C2 /* MuvucaIntentsUI.appex */,
			);
			name = Products;
			sourceTree = "<group>";
		};
		A711000F25D1814F00FC7F81 /* Muvuca */ = {
			isa = PBXGroup;
			children = (
				A7ED331825D4215100D465C2 /* Muvuca.entitlements */,
				A711001025D1814F00FC7F81 /* MuvucaApp.swift */,
				A7ED334725D4226E00D465C2 /* Intents.intentdefinition */,
				0C0877DA25D4071100A23B1A /* ViewModels */,
				0C0877D625D4070800A23B1A /* Views */,
				0C0877D525D4070000A23B1A /* Models */,
				85BBE4B125D2C43100E98128 /* GoogleService-Info.plist */,
				A711001425D1815100FC7F81 /* Assets.xcassets */,
				A711001925D1815100FC7F81 /* Info.plist */,
				A711001625D1815100FC7F81 /* Preview Content */,
				A73642C025D2BA9200E88AE8 /* IntentController.swift */,
			);
			path = Muvuca;
			sourceTree = "<group>";
		};
		A711001625D1815100FC7F81 /* Preview Content */ = {
			isa = PBXGroup;
			children = (
				A711001725D1815100FC7F81 /* Preview Assets.xcassets */,
			);
			path = "Preview Content";
			sourceTree = "<group>";
		};
		A711002125D1815200FC7F81 /* MuvucaTests */ = {
			isa = PBXGroup;
			children = (
				A711002225D1815200FC7F81 /* MuvucaTests.swift */,
				A711002425D1815200FC7F81 /* Info.plist */,
				0C08785325D4147D00A23B1A /* FirebaseHandlerTests.swift */,
			);
			path = MuvucaTests;
			sourceTree = "<group>";
		};
		A711002C25D1815200FC7F81 /* MuvucaUITests */ = {
			isa = PBXGroup;
			children = (
				A711002D25D1815200FC7F81 /* MuvucaUITests.swift */,
				A711002F25D1815200FC7F81 /* Info.plist */,
				0CD9EBA025D2C2C70055E87E /* HomeViewTests.swift */,
			);
			path = MuvucaUITests;
			sourceTree = "<group>";
		};
		A7ED332325D4218D00D465C2 /* MuvucaIntents */ = {
			isa = PBXGroup;
			children = (
				A7ED332425D4218D00D465C2 /* IntentHandler.swift */,
				A7ED332625D4218D00D465C2 /* Info.plist */,
				A7ED337825D428BB00D465C2 /* ViewBlocksIntentHandler.swift */,
			);
			path = MuvucaIntents;
			sourceTree = "<group>";
		};
		A7ED332E25D4218D00D465C2 /* MuvucaIntentsUI */ = {
			isa = PBXGroup;
			children = (
				A7ED332F25D4218D00D465C2 /* IntentViewController.swift */,
				A7ED333125D4218D00D465C2 /* MainInterface.storyboard */,
				A7ED333425D4218D00D465C2 /* Info.plist */,
			);
			path = MuvucaIntentsUI;
			sourceTree = "<group>";
		};
/* End PBXGroup section */

/* Begin PBXNativeTarget section */
		A711000C25D1814F00FC7F81 /* Muvuca */ = {
			isa = PBXNativeTarget;
			buildConfigurationList = A711003225D1815200FC7F81 /* Build configuration list for PBXNativeTarget "Muvuca" */;
			buildPhases = (
				1516D06A54A970B5643A12DA /* [CP] Check Pods Manifest.lock */,
				A711000925D1814F00FC7F81 /* Sources */,
				A711000A25D1814F00FC7F81 /* Frameworks */,
				A711000B25D1814F00FC7F81 /* Resources */,
				A7ED334125D4218D00D465C2 /* Embed App Extensions */,
				54EEB9F92961685115EA4CC0 /* [CP] Embed Pods Frameworks */,
			);
			buildRules = (
			);
			dependencies = (
				A7ED333625D4218D00D465C2 /* PBXTargetDependency */,
				A7ED333925D4218D00D465C2 /* PBXTargetDependency */,
			);
			name = Muvuca;
			productName = Muvuca;
			productReference = A711000D25D1814F00FC7F81 /* Muvuca.app */;
			productType = "com.apple.product-type.application";
		};
		A711001D25D1815200FC7F81 /* MuvucaTests */ = {
			isa = PBXNativeTarget;
			buildConfigurationList = A711003525D1815200FC7F81 /* Build configuration list for PBXNativeTarget "MuvucaTests" */;
			buildPhases = (
				91EE2CD70344C72FA35D517E /* [CP] Check Pods Manifest.lock */,
				A711001A25D1815200FC7F81 /* Sources */,
				A711001B25D1815200FC7F81 /* Frameworks */,
				A711001C25D1815200FC7F81 /* Resources */,
				D8E194FB33531F5171922555 /* [CP] Embed Pods Frameworks */,
			);
			buildRules = (
			);
			dependencies = (
				A711002025D1815200FC7F81 /* PBXTargetDependency */,
			);
			name = MuvucaTests;
			productName = MuvucaTests;
			productReference = A711001E25D1815200FC7F81 /* MuvucaTests.xctest */;
			productType = "com.apple.product-type.bundle.unit-test";
		};
		A711002825D1815200FC7F81 /* MuvucaUITests */ = {
			isa = PBXNativeTarget;
			buildConfigurationList = A711003825D1815200FC7F81 /* Build configuration list for PBXNativeTarget "MuvucaUITests" */;
			buildPhases = (
				450F8B3ED19C447C217CBA9E /* [CP] Check Pods Manifest.lock */,
				A711002525D1815200FC7F81 /* Sources */,
				A711002625D1815200FC7F81 /* Frameworks */,
				A711002725D1815200FC7F81 /* Resources */,
				66F6EF8EFA7516914843C761 /* [CP] Embed Pods Frameworks */,
			);
			buildRules = (
			);
			dependencies = (
				A711002B25D1815200FC7F81 /* PBXTargetDependency */,
			);
			name = MuvucaUITests;
			productName = MuvucaUITests;
			productReference = A711002925D1815200FC7F81 /* MuvucaUITests.xctest */;
			productType = "com.apple.product-type.bundle.ui-testing";
		};
		A7ED331F25D4218D00D465C2 /* MuvucaIntents */ = {
			isa = PBXNativeTarget;
			buildConfigurationList = A7ED333E25D4218D00D465C2 /* Build configuration list for PBXNativeTarget "MuvucaIntents" */;
			buildPhases = (
				A7ED331C25D4218D00D465C2 /* Sources */,
				A7ED331D25D4218D00D465C2 /* Frameworks */,
				A7ED331E25D4218D00D465C2 /* Resources */,
			);
			buildRules = (
			);
			dependencies = (
			);
			name = MuvucaIntents;
			productName = MuvucaIntents;
			productReference = A7ED332025D4218D00D465C2 /* MuvucaIntents.appex */;
			productType = "com.apple.product-type.app-extension";
		};
		A7ED332A25D4218D00D465C2 /* MuvucaIntentsUI */ = {
			isa = PBXNativeTarget;
			buildConfigurationList = A7ED333B25D4218D00D465C2 /* Build configuration list for PBXNativeTarget "MuvucaIntentsUI" */;
			buildPhases = (
				A7ED332725D4218D00D465C2 /* Sources */,
				A7ED332825D4218D00D465C2 /* Frameworks */,
				A7ED332925D4218D00D465C2 /* Resources */,
			);
			buildRules = (
			);
			dependencies = (
			);
			name = MuvucaIntentsUI;
			productName = MuvucaIntentsUI;
			productReference = A7ED332B25D4218D00D465C2 /* MuvucaIntentsUI.appex */;
			productType = "com.apple.product-type.app-extension";
		};
/* End PBXNativeTarget section */

/* Begin PBXProject section */
		A711000525D1814F00FC7F81 /* Project object */ = {
			isa = PBXProject;
			attributes = {
				LastSwiftUpdateCheck = 1240;
				LastUpgradeCheck = 1240;
				TargetAttributes = {
					A711000C25D1814F00FC7F81 = {
						CreatedOnToolsVersion = 12.4;
					};
					A711001D25D1815200FC7F81 = {
						CreatedOnToolsVersion = 12.4;
						TestTargetID = A711000C25D1814F00FC7F81;
					};
					A711002825D1815200FC7F81 = {
						CreatedOnToolsVersion = 12.4;
						TestTargetID = A711000C25D1814F00FC7F81;
					};
					A7ED331F25D4218D00D465C2 = {
						CreatedOnToolsVersion = 12.4;
					};
					A7ED332A25D4218D00D465C2 = {
						CreatedOnToolsVersion = 12.4;
					};
				};
			};
			buildConfigurationList = A711000825D1814F00FC7F81 /* Build configuration list for PBXProject "Muvuca" */;
			compatibilityVersion = "Xcode 9.3";
			developmentRegion = en;
			hasScannedForEncodings = 0;
			knownRegions = (
				en,
				Base,
				"pt-BR",
			);
			mainGroup = A711000425D1814F00FC7F81;
			productRefGroup = A711000E25D1814F00FC7F81 /* Products */;
			projectDirPath = "";
			projectRoot = "";
			targets = (
				A711000C25D1814F00FC7F81 /* Muvuca */,
				A711001D25D1815200FC7F81 /* MuvucaTests */,
				A711002825D1815200FC7F81 /* MuvucaUITests */,
				A7ED331F25D4218D00D465C2 /* MuvucaIntents */,
				A7ED332A25D4218D00D465C2 /* MuvucaIntentsUI */,
			);
		};
/* End PBXProject section */

/* Begin PBXResourcesBuildPhase section */
		A711000B25D1814F00FC7F81 /* Resources */ = {
			isa = PBXResourcesBuildPhase;
			buildActionMask = 2147483647;
			files = (
				A711001825D1815100FC7F81 /* Preview Assets.xcassets in Resources */,
				A711001525D1815100FC7F81 /* Assets.xcassets in Resources */,
				85BBE4B225D2C43100E98128 /* GoogleService-Info.plist in Resources */,
			);
			runOnlyForDeploymentPostprocessing = 0;
		};
		A711001C25D1815200FC7F81 /* Resources */ = {
			isa = PBXResourcesBuildPhase;
			buildActionMask = 2147483647;
			files = (
				85BBE4B325D2C43100E98128 /* GoogleService-Info.plist in Resources */,
			);
			runOnlyForDeploymentPostprocessing = 0;
		};
		A711002725D1815200FC7F81 /* Resources */ = {
			isa = PBXResourcesBuildPhase;
			buildActionMask = 2147483647;
			files = (
				85BBE4B425D2C43100E98128 /* GoogleService-Info.plist in Resources */,
			);
			runOnlyForDeploymentPostprocessing = 0;
		};
		A7ED331E25D4218D00D465C2 /* Resources */ = {
			isa = PBXResourcesBuildPhase;
			buildActionMask = 2147483647;
			files = (
			);
			runOnlyForDeploymentPostprocessing = 0;
		};
		A7ED332925D4218D00D465C2 /* Resources */ = {
			isa = PBXResourcesBuildPhase;
			buildActionMask = 2147483647;
			files = (
				A7ED333325D4218D00D465C2 /* MainInterface.storyboard in Resources */,
			);
			runOnlyForDeploymentPostprocessing = 0;
		};
/* End PBXResourcesBuildPhase section */

/* Begin PBXShellScriptBuildPhase section */
		1516D06A54A970B5643A12DA /* [CP] Check Pods Manifest.lock */ = {
			isa = PBXShellScriptBuildPhase;
			buildActionMask = 2147483647;
			files = (
			);
			inputFileListPaths = (
			);
			inputPaths = (
				"${PODS_PODFILE_DIR_PATH}/Podfile.lock",
				"${PODS_ROOT}/Manifest.lock",
			);
			name = "[CP] Check Pods Manifest.lock";
			outputFileListPaths = (
			);
			outputPaths = (
				"$(DERIVED_FILE_DIR)/Pods-Muvuca-checkManifestLockResult.txt",
			);
			runOnlyForDeploymentPostprocessing = 0;
			shellPath = /bin/sh;
			shellScript = "diff \"${PODS_PODFILE_DIR_PATH}/Podfile.lock\" \"${PODS_ROOT}/Manifest.lock\" > /dev/null\nif [ $? != 0 ] ; then\n    # print error to STDERR\n    echo \"error: The sandbox is not in sync with the Podfile.lock. Run 'pod install' or update your CocoaPods installation.\" >&2\n    exit 1\nfi\n# This output is used by Xcode 'outputs' to avoid re-running this script phase.\necho \"SUCCESS\" > \"${SCRIPT_OUTPUT_FILE_0}\"\n";
			showEnvVarsInLog = 0;
		};
		450F8B3ED19C447C217CBA9E /* [CP] Check Pods Manifest.lock */ = {
			isa = PBXShellScriptBuildPhase;
			buildActionMask = 2147483647;
			files = (
			);
			inputFileListPaths = (
			);
			inputPaths = (
				"${PODS_PODFILE_DIR_PATH}/Podfile.lock",
				"${PODS_ROOT}/Manifest.lock",
			);
			name = "[CP] Check Pods Manifest.lock";
			outputFileListPaths = (
			);
			outputPaths = (
				"$(DERIVED_FILE_DIR)/Pods-Muvuca-MuvucaUITests-checkManifestLockResult.txt",
			);
			runOnlyForDeploymentPostprocessing = 0;
			shellPath = /bin/sh;
			shellScript = "diff \"${PODS_PODFILE_DIR_PATH}/Podfile.lock\" \"${PODS_ROOT}/Manifest.lock\" > /dev/null\nif [ $? != 0 ] ; then\n    # print error to STDERR\n    echo \"error: The sandbox is not in sync with the Podfile.lock. Run 'pod install' or update your CocoaPods installation.\" >&2\n    exit 1\nfi\n# This output is used by Xcode 'outputs' to avoid re-running this script phase.\necho \"SUCCESS\" > \"${SCRIPT_OUTPUT_FILE_0}\"\n";
			showEnvVarsInLog = 0;
		};
		54EEB9F92961685115EA4CC0 /* [CP] Embed Pods Frameworks */ = {
			isa = PBXShellScriptBuildPhase;
			buildActionMask = 2147483647;
			files = (
			);
			inputFileListPaths = (
				"${PODS_ROOT}/Target Support Files/Pods-Muvuca/Pods-Muvuca-frameworks-${CONFIGURATION}-input-files.xcfilelist",
			);
			name = "[CP] Embed Pods Frameworks";
			outputFileListPaths = (
				"${PODS_ROOT}/Target Support Files/Pods-Muvuca/Pods-Muvuca-frameworks-${CONFIGURATION}-output-files.xcfilelist",
			);
			runOnlyForDeploymentPostprocessing = 0;
			shellPath = /bin/sh;
			shellScript = "\"${PODS_ROOT}/Target Support Files/Pods-Muvuca/Pods-Muvuca-frameworks.sh\"\n";
			showEnvVarsInLog = 0;
		};
		66F6EF8EFA7516914843C761 /* [CP] Embed Pods Frameworks */ = {
			isa = PBXShellScriptBuildPhase;
			buildActionMask = 2147483647;
			files = (
			);
			inputFileListPaths = (
				"${PODS_ROOT}/Target Support Files/Pods-Muvuca-MuvucaUITests/Pods-Muvuca-MuvucaUITests-frameworks-${CONFIGURATION}-input-files.xcfilelist",
			);
			name = "[CP] Embed Pods Frameworks";
			outputFileListPaths = (
				"${PODS_ROOT}/Target Support Files/Pods-Muvuca-MuvucaUITests/Pods-Muvuca-MuvucaUITests-frameworks-${CONFIGURATION}-output-files.xcfilelist",
			);
			runOnlyForDeploymentPostprocessing = 0;
			shellPath = /bin/sh;
			shellScript = "\"${PODS_ROOT}/Target Support Files/Pods-Muvuca-MuvucaUITests/Pods-Muvuca-MuvucaUITests-frameworks.sh\"\n";
			showEnvVarsInLog = 0;
		};
		91EE2CD70344C72FA35D517E /* [CP] Check Pods Manifest.lock */ = {
			isa = PBXShellScriptBuildPhase;
			buildActionMask = 2147483647;
			files = (
			);
			inputFileListPaths = (
			);
			inputPaths = (
				"${PODS_PODFILE_DIR_PATH}/Podfile.lock",
				"${PODS_ROOT}/Manifest.lock",
			);
			name = "[CP] Check Pods Manifest.lock";
			outputFileListPaths = (
			);
			outputPaths = (
				"$(DERIVED_FILE_DIR)/Pods-MuvucaTests-checkManifestLockResult.txt",
			);
			runOnlyForDeploymentPostprocessing = 0;
			shellPath = /bin/sh;
			shellScript = "diff \"${PODS_PODFILE_DIR_PATH}/Podfile.lock\" \"${PODS_ROOT}/Manifest.lock\" > /dev/null\nif [ $? != 0 ] ; then\n    # print error to STDERR\n    echo \"error: The sandbox is not in sync with the Podfile.lock. Run 'pod install' or update your CocoaPods installation.\" >&2\n    exit 1\nfi\n# This output is used by Xcode 'outputs' to avoid re-running this script phase.\necho \"SUCCESS\" > \"${SCRIPT_OUTPUT_FILE_0}\"\n";
			showEnvVarsInLog = 0;
		};
		D8E194FB33531F5171922555 /* [CP] Embed Pods Frameworks */ = {
			isa = PBXShellScriptBuildPhase;
			buildActionMask = 2147483647;
			files = (
			);
			inputFileListPaths = (
				"${PODS_ROOT}/Target Support Files/Pods-MuvucaTests/Pods-MuvucaTests-frameworks-${CONFIGURATION}-input-files.xcfilelist",
			);
			name = "[CP] Embed Pods Frameworks";
			outputFileListPaths = (
				"${PODS_ROOT}/Target Support Files/Pods-MuvucaTests/Pods-MuvucaTests-frameworks-${CONFIGURATION}-output-files.xcfilelist",
			);
			runOnlyForDeploymentPostprocessing = 0;
			shellPath = /bin/sh;
			shellScript = "\"${PODS_ROOT}/Target Support Files/Pods-MuvucaTests/Pods-MuvucaTests-frameworks.sh\"\n";
			showEnvVarsInLog = 0;
		};
/* End PBXShellScriptBuildPhase section */

/* Begin PBXSourcesBuildPhase section */
		A711000925D1814F00FC7F81 /* Sources */ = {
			isa = PBXSourcesBuildPhase;
			buildActionMask = 2147483647;
			files = (
				8563CA0125D2D19400BF9BF6 /* CarnivalBlocks.swift in Sources */,
				855C7DDC25D3FF57004E35CB /* FirebaseHandler.swift in Sources */,
				A711001325D1814F00FC7F81 /* ContentView.swift in Sources */,
				0C311F1E25D5547E007771F2 /* HomeHeaderView.swift in Sources */,
				A73642B925D2B41600E88AE8 /* AddToSiriModalView.swift in Sources */,
				0C08780625D4089100A23B1A /* CarnivalBlock.swift in Sources */,
				0C311F2525D55546007771F2 /* CarnivalBlockView.swift in Sources */,
				0CD9EB9A25D2C25E0055E87E /* HomeView.swift in Sources */,
				857861F125D5B49B00D7540E /* MapUIView.swift in Sources */,
				A711001125D1814F00FC7F81 /* MuvucaApp.swift in Sources */,
				A7ED334825D4226E00D465C2 /* Intents.intentdefinition in Sources */,
				0C311F3925D55BBE007771F2 /* CarnivalBlockList.swift in Sources */,
				0C311F2C25D558DE007771F2 /* ProfileView.swift in Sources */,
				A73642C125D2BA9200E88AE8 /* IntentController.swift in Sources */,
				A7ED337925D428BB00D465C2 /* ViewBlocksIntentHandler.swift in Sources */,
			);
			runOnlyForDeploymentPostprocessing = 0;
		};
		A711001A25D1815200FC7F81 /* Sources */ = {
			isa = PBXSourcesBuildPhase;
			buildActionMask = 2147483647;
			files = (
				8563CA0225D2D19400BF9BF6 /* CarnivalBlocks.swift in Sources */,
				855C7DDD25D3FF57004E35CB /* FirebaseHandler.swift in Sources */,
				0C311F2D25D558DE007771F2 /* ProfileView.swift in Sources */,
				0CD9EB9B25D2C25E0055E87E /* HomeView.swift in Sources */,
				0C311F3A25D55BBE007771F2 /* CarnivalBlockList.swift in Sources */,
				0C08785425D4147D00A23B1A /* FirebaseHandlerTests.swift in Sources */,
				0C311F2625D55546007771F2 /* CarnivalBlockView.swift in Sources */,
				0C311F1F25D5547E007771F2 /* HomeHeaderView.swift in Sources */,
				0C0877DF25D4072300A23B1A /* AddToSiriModalView.swift in Sources */,
				0C08785825D415A500A23B1A /* CarnivalBlock.swift in Sources */,
				A711002325D1815200FC7F81 /* MuvucaTests.swift in Sources */,
			);
			runOnlyForDeploymentPostprocessing = 0;
		};
		A711002525D1815200FC7F81 /* Sources */ = {
			isa = PBXSourcesBuildPhase;
			buildActionMask = 2147483647;
			files = (
				8563CA0325D2D19400BF9BF6 /* CarnivalBlocks.swift in Sources */,
				855C7DDE25D3FF57004E35CB /* FirebaseHandler.swift in Sources */,
				0C311F2E25D558DE007771F2 /* ProfileView.swift in Sources */,
				0C0877DE25D4072300A23B1A /* AddToSiriModalView.swift in Sources */,
				0C311F3B25D55BBE007771F2 /* CarnivalBlockList.swift in Sources */,
				0CD9EBA125D2C2C70055E87E /* HomeViewTests.swift in Sources */,
				0C311F2725D55546007771F2 /* CarnivalBlockView.swift in Sources */,
				0C311F2025D5547E007771F2 /* HomeHeaderView.swift in Sources */,
				0CD9EB9C25D2C25E0055E87E /* HomeView.swift in Sources */,
				0C08785C25D415A600A23B1A /* CarnivalBlock.swift in Sources */,
				A711002E25D1815200FC7F81 /* MuvucaUITests.swift in Sources */,
			);
			runOnlyForDeploymentPostprocessing = 0;
		};
		A7ED331C25D4218D00D465C2 /* Sources */ = {
			isa = PBXSourcesBuildPhase;
			buildActionMask = 2147483647;
			files = (
				A7ED334925D4226E00D465C2 /* Intents.intentdefinition in Sources */,
				A7ED332525D4218D00D465C2 /* IntentHandler.swift in Sources */,
				A7ED337A25D428BB00D465C2 /* ViewBlocksIntentHandler.swift in Sources */,
			);
			runOnlyForDeploymentPostprocessing = 0;
		};
		A7ED332725D4218D00D465C2 /* Sources */ = {
			isa = PBXSourcesBuildPhase;
			buildActionMask = 2147483647;
			files = (
				A7ED334A25D4226E00D465C2 /* Intents.intentdefinition in Sources */,
				A7ED333025D4218D00D465C2 /* IntentViewController.swift in Sources */,
				A7ED337B25D428BB00D465C2 /* ViewBlocksIntentHandler.swift in Sources */,
			);
			runOnlyForDeploymentPostprocessing = 0;
		};
/* End PBXSourcesBuildPhase section */

/* Begin PBXTargetDependency section */
		A711002025D1815200FC7F81 /* PBXTargetDependency */ = {
			isa = PBXTargetDependency;
			target = A711000C25D1814F00FC7F81 /* Muvuca */;
			targetProxy = A711001F25D1815200FC7F81 /* PBXContainerItemProxy */;
		};
		A711002B25D1815200FC7F81 /* PBXTargetDependency */ = {
			isa = PBXTargetDependency;
			target = A711000C25D1814F00FC7F81 /* Muvuca */;
			targetProxy = A711002A25D1815200FC7F81 /* PBXContainerItemProxy */;
		};
		A7ED333625D4218D00D465C2 /* PBXTargetDependency */ = {
			isa = PBXTargetDependency;
			target = A7ED332A25D4218D00D465C2 /* MuvucaIntentsUI */;
			targetProxy = A7ED333525D4218D00D465C2 /* PBXContainerItemProxy */;
		};
		A7ED333925D4218D00D465C2 /* PBXTargetDependency */ = {
			isa = PBXTargetDependency;
			target = A7ED331F25D4218D00D465C2 /* MuvucaIntents */;
			targetProxy = A7ED333825D4218D00D465C2 /* PBXContainerItemProxy */;
		};
/* End PBXTargetDependency section */

/* Begin PBXVariantGroup section */
		A7ED333125D4218D00D465C2 /* MainInterface.storyboard */ = {
			isa = PBXVariantGroup;
			children = (
				A7ED333225D4218D00D465C2 /* Base */,
				A7B2C01025D5AFF9002DB15E /* pt-BR */,
			);
			name = MainInterface.storyboard;
			sourceTree = "<group>";
		};
/* End PBXVariantGroup section */

/* Begin XCBuildConfiguration section */
		A711003025D1815200FC7F81 /* Debug */ = {
			isa = XCBuildConfiguration;
			buildSettings = {
				ALWAYS_SEARCH_USER_PATHS = NO;
				CLANG_ANALYZER_LOCALIZABILITY_NONLOCALIZED = YES;
				CLANG_ANALYZER_NONNULL = YES;
				CLANG_ANALYZER_NUMBER_OBJECT_CONVERSION = YES_AGGRESSIVE;
				CLANG_CXX_LANGUAGE_STANDARD = "gnu++14";
				CLANG_CXX_LIBRARY = "libc++";
				CLANG_ENABLE_MODULES = YES;
				CLANG_ENABLE_OBJC_ARC = YES;
				CLANG_ENABLE_OBJC_WEAK = YES;
				CLANG_WARN_BLOCK_CAPTURE_AUTORELEASING = YES;
				CLANG_WARN_BOOL_CONVERSION = YES;
				CLANG_WARN_COMMA = YES;
				CLANG_WARN_CONSTANT_CONVERSION = YES;
				CLANG_WARN_DEPRECATED_OBJC_IMPLEMENTATIONS = YES;
				CLANG_WARN_DIRECT_OBJC_ISA_USAGE = YES_ERROR;
				CLANG_WARN_DOCUMENTATION_COMMENTS = YES;
				CLANG_WARN_EMPTY_BODY = YES;
				CLANG_WARN_ENUM_CONVERSION = YES;
				CLANG_WARN_INFINITE_RECURSION = YES;
				CLANG_WARN_INT_CONVERSION = YES;
				CLANG_WARN_NON_LITERAL_NULL_CONVERSION = YES;
				CLANG_WARN_OBJC_IMPLICIT_RETAIN_SELF = YES;
				CLANG_WARN_OBJC_LITERAL_CONVERSION = YES;
				CLANG_WARN_OBJC_ROOT_CLASS = YES_ERROR;
				CLANG_WARN_QUOTED_INCLUDE_IN_FRAMEWORK_HEADER = YES;
				CLANG_WARN_RANGE_LOOP_ANALYSIS = YES;
				CLANG_WARN_STRICT_PROTOTYPES = YES;
				CLANG_WARN_SUSPICIOUS_MOVE = YES;
				CLANG_WARN_UNGUARDED_AVAILABILITY = YES_AGGRESSIVE;
				CLANG_WARN_UNREACHABLE_CODE = YES;
				CLANG_WARN__DUPLICATE_METHOD_MATCH = YES;
				COPY_PHASE_STRIP = NO;
				DEBUG_INFORMATION_FORMAT = dwarf;
				ENABLE_STRICT_OBJC_MSGSEND = YES;
				ENABLE_TESTABILITY = YES;
				GCC_C_LANGUAGE_STANDARD = gnu11;
				GCC_DYNAMIC_NO_PIC = NO;
				GCC_NO_COMMON_BLOCKS = YES;
				GCC_OPTIMIZATION_LEVEL = 0;
				GCC_PREPROCESSOR_DEFINITIONS = (
					"DEBUG=1",
					"$(inherited)",
				);
				GCC_WARN_64_TO_32_BIT_CONVERSION = YES;
				GCC_WARN_ABOUT_RETURN_TYPE = YES_ERROR;
				GCC_WARN_UNDECLARED_SELECTOR = YES;
				GCC_WARN_UNINITIALIZED_AUTOS = YES_AGGRESSIVE;
				GCC_WARN_UNUSED_FUNCTION = YES;
				GCC_WARN_UNUSED_VARIABLE = YES;
				INTENTS_CODEGEN_LANGUAGE = Swift;
				IPHONEOS_DEPLOYMENT_TARGET = 14.4;
				MTL_ENABLE_DEBUG_INFO = INCLUDE_SOURCE;
				MTL_FAST_MATH = YES;
				ONLY_ACTIVE_ARCH = YES;
				SDKROOT = iphoneos;
				SWIFT_ACTIVE_COMPILATION_CONDITIONS = DEBUG;
				SWIFT_OPTIMIZATION_LEVEL = "-Onone";
			};
			name = Debug;
		};
		A711003125D1815200FC7F81 /* Release */ = {
			isa = XCBuildConfiguration;
			buildSettings = {
				ALWAYS_SEARCH_USER_PATHS = NO;
				CLANG_ANALYZER_LOCALIZABILITY_NONLOCALIZED = YES;
				CLANG_ANALYZER_NONNULL = YES;
				CLANG_ANALYZER_NUMBER_OBJECT_CONVERSION = YES_AGGRESSIVE;
				CLANG_CXX_LANGUAGE_STANDARD = "gnu++14";
				CLANG_CXX_LIBRARY = "libc++";
				CLANG_ENABLE_MODULES = YES;
				CLANG_ENABLE_OBJC_ARC = YES;
				CLANG_ENABLE_OBJC_WEAK = YES;
				CLANG_WARN_BLOCK_CAPTURE_AUTORELEASING = YES;
				CLANG_WARN_BOOL_CONVERSION = YES;
				CLANG_WARN_COMMA = YES;
				CLANG_WARN_CONSTANT_CONVERSION = YES;
				CLANG_WARN_DEPRECATED_OBJC_IMPLEMENTATIONS = YES;
				CLANG_WARN_DIRECT_OBJC_ISA_USAGE = YES_ERROR;
				CLANG_WARN_DOCUMENTATION_COMMENTS = YES;
				CLANG_WARN_EMPTY_BODY = YES;
				CLANG_WARN_ENUM_CONVERSION = YES;
				CLANG_WARN_INFINITE_RECURSION = YES;
				CLANG_WARN_INT_CONVERSION = YES;
				CLANG_WARN_NON_LITERAL_NULL_CONVERSION = YES;
				CLANG_WARN_OBJC_IMPLICIT_RETAIN_SELF = YES;
				CLANG_WARN_OBJC_LITERAL_CONVERSION = YES;
				CLANG_WARN_OBJC_ROOT_CLASS = YES_ERROR;
				CLANG_WARN_QUOTED_INCLUDE_IN_FRAMEWORK_HEADER = YES;
				CLANG_WARN_RANGE_LOOP_ANALYSIS = YES;
				CLANG_WARN_STRICT_PROTOTYPES = YES;
				CLANG_WARN_SUSPICIOUS_MOVE = YES;
				CLANG_WARN_UNGUARDED_AVAILABILITY = YES_AGGRESSIVE;
				CLANG_WARN_UNREACHABLE_CODE = YES;
				CLANG_WARN__DUPLICATE_METHOD_MATCH = YES;
				COPY_PHASE_STRIP = NO;
				DEBUG_INFORMATION_FORMAT = "dwarf-with-dsym";
				ENABLE_NS_ASSERTIONS = NO;
				ENABLE_STRICT_OBJC_MSGSEND = YES;
				GCC_C_LANGUAGE_STANDARD = gnu11;
				GCC_NO_COMMON_BLOCKS = YES;
				GCC_WARN_64_TO_32_BIT_CONVERSION = YES;
				GCC_WARN_ABOUT_RETURN_TYPE = YES_ERROR;
				GCC_WARN_UNDECLARED_SELECTOR = YES;
				GCC_WARN_UNINITIALIZED_AUTOS = YES_AGGRESSIVE;
				GCC_WARN_UNUSED_FUNCTION = YES;
				GCC_WARN_UNUSED_VARIABLE = YES;
				INTENTS_CODEGEN_LANGUAGE = Swift;
				IPHONEOS_DEPLOYMENT_TARGET = 14.4;
				MTL_ENABLE_DEBUG_INFO = NO;
				MTL_FAST_MATH = YES;
				SDKROOT = iphoneos;
				SWIFT_COMPILATION_MODE = wholemodule;
				SWIFT_OPTIMIZATION_LEVEL = "-O";
				VALIDATE_PRODUCT = YES;
			};
			name = Release;
		};
		A711003325D1815200FC7F81 /* Debug */ = {
			isa = XCBuildConfiguration;
			baseConfigurationReference = 6BB4BCAB92B40A8FB370F2A4 /* Pods-Muvuca.debug.xcconfig */;
			buildSettings = {
				ALWAYS_EMBED_SWIFT_STANDARD_LIBRARIES = YES;
				ASSETCATALOG_COMPILER_APPICON_NAME = AppIcon;
				ASSETCATALOG_COMPILER_GLOBAL_ACCENT_COLOR_NAME = AccentColor;
				CODE_SIGN_ENTITLEMENTS = Muvuca/Muvuca.entitlements;
				CODE_SIGN_STYLE = Automatic;
				DEVELOPMENT_ASSET_PATHS = "\"Muvuca/Preview Content\"";
				DEVELOPMENT_TEAM = KBDYNQ5FQB;
				ENABLE_PREVIEWS = YES;
				INFOPLIST_FILE = Muvuca/Info.plist;
				IPHONEOS_DEPLOYMENT_TARGET = 14.0;
				LD_RUNPATH_SEARCH_PATHS = (
					"$(inherited)",
					"@executable_path/Frameworks",
				);
				PRODUCT_BUNDLE_IDENTIFIER = br.ufpe.cin.academy.Muvuca2;
				PRODUCT_NAME = "$(TARGET_NAME)";
				SWIFT_VERSION = 5.0;
				TARGETED_DEVICE_FAMILY = "1,2";
			};
			name = Debug;
		};
		A711003425D1815200FC7F81 /* Release */ = {
			isa = XCBuildConfiguration;
			baseConfigurationReference = 2D8E023129EA157CE561EB6F /* Pods-Muvuca.release.xcconfig */;
			buildSettings = {
				ALWAYS_EMBED_SWIFT_STANDARD_LIBRARIES = YES;
				ASSETCATALOG_COMPILER_APPICON_NAME = AppIcon;
				ASSETCATALOG_COMPILER_GLOBAL_ACCENT_COLOR_NAME = AccentColor;
				CODE_SIGN_ENTITLEMENTS = Muvuca/Muvuca.entitlements;
				CODE_SIGN_STYLE = Automatic;
				DEVELOPMENT_ASSET_PATHS = "\"Muvuca/Preview Content\"";
				DEVELOPMENT_TEAM = KBDYNQ5FQB;
				ENABLE_PREVIEWS = YES;
				INFOPLIST_FILE = Muvuca/Info.plist;
				IPHONEOS_DEPLOYMENT_TARGET = 14.0;
				LD_RUNPATH_SEARCH_PATHS = (
					"$(inherited)",
					"@executable_path/Frameworks",
				);
				PRODUCT_BUNDLE_IDENTIFIER = br.ufpe.cin.academy.Muvuca2;
				PRODUCT_NAME = "$(TARGET_NAME)";
				SWIFT_VERSION = 5.0;
				TARGETED_DEVICE_FAMILY = "1,2";
			};
			name = Release;
		};
		A711003625D1815200FC7F81 /* Debug */ = {
			isa = XCBuildConfiguration;
			baseConfigurationReference = 2446EF23230151C5D9E1893E /* Pods-MuvucaTests.debug.xcconfig */;
			buildSettings = {
				ALWAYS_EMBED_SWIFT_STANDARD_LIBRARIES = YES;
				BUNDLE_LOADER = "$(TEST_HOST)";
				CODE_SIGN_STYLE = Automatic;
				DEVELOPMENT_TEAM = KBDYNQ5FQB;
				INFOPLIST_FILE = MuvucaTests/Info.plist;
				IPHONEOS_DEPLOYMENT_TARGET = 14.0;
				LD_RUNPATH_SEARCH_PATHS = (
					"$(inherited)",
					"@executable_path/Frameworks",
					"@loader_path/Frameworks",
				);
				PRODUCT_BUNDLE_IDENTIFIER = br.ufpe.cin.academy.MuvucaTests;
				PRODUCT_NAME = "$(TARGET_NAME)";
				SWIFT_VERSION = 5.0;
				TARGETED_DEVICE_FAMILY = "1,2";
				TEST_HOST = "$(BUILT_PRODUCTS_DIR)/Muvuca.app/Muvuca";
			};
			name = Debug;
		};
		A711003725D1815200FC7F81 /* Release */ = {
			isa = XCBuildConfiguration;
			baseConfigurationReference = 7EA73191860A5848387F413E /* Pods-MuvucaTests.release.xcconfig */;
			buildSettings = {
				ALWAYS_EMBED_SWIFT_STANDARD_LIBRARIES = YES;
				BUNDLE_LOADER = "$(TEST_HOST)";
				CODE_SIGN_STYLE = Automatic;
				DEVELOPMENT_TEAM = KBDYNQ5FQB;
				INFOPLIST_FILE = MuvucaTests/Info.plist;
				IPHONEOS_DEPLOYMENT_TARGET = 14.0;
				LD_RUNPATH_SEARCH_PATHS = (
					"$(inherited)",
					"@executable_path/Frameworks",
					"@loader_path/Frameworks",
				);
				PRODUCT_BUNDLE_IDENTIFIER = br.ufpe.cin.academy.MuvucaTests;
				PRODUCT_NAME = "$(TARGET_NAME)";
				SWIFT_VERSION = 5.0;
				TARGETED_DEVICE_FAMILY = "1,2";
				TEST_HOST = "$(BUILT_PRODUCTS_DIR)/Muvuca.app/Muvuca";
			};
			name = Release;
		};
		A711003925D1815200FC7F81 /* Debug */ = {
			isa = XCBuildConfiguration;
			baseConfigurationReference = 86CC1D57FCFEF53F8ED44594 /* Pods-Muvuca-MuvucaUITests.debug.xcconfig */;
			buildSettings = {
				ALWAYS_EMBED_SWIFT_STANDARD_LIBRARIES = YES;
				CODE_SIGN_STYLE = Automatic;
				DEVELOPMENT_TEAM = KBDYNQ5FQB;
				INFOPLIST_FILE = MuvucaUITests/Info.plist;
				LD_RUNPATH_SEARCH_PATHS = (
					"$(inherited)",
					"@executable_path/Frameworks",
					"@loader_path/Frameworks",
				);
				PRODUCT_BUNDLE_IDENTIFIER = br.ufpe.cin.academy.MuvucaUITests;
				PRODUCT_NAME = "$(TARGET_NAME)";
				SWIFT_VERSION = 5.0;
				TARGETED_DEVICE_FAMILY = "1,2";
				TEST_TARGET_NAME = Muvuca;
			};
			name = Debug;
		};
		A711003A25D1815200FC7F81 /* Release */ = {
			isa = XCBuildConfiguration;
			baseConfigurationReference = DF9276E8C981AF0502FD9639 /* Pods-Muvuca-MuvucaUITests.release.xcconfig */;
			buildSettings = {
				ALWAYS_EMBED_SWIFT_STANDARD_LIBRARIES = YES;
				CODE_SIGN_STYLE = Automatic;
				DEVELOPMENT_TEAM = KBDYNQ5FQB;
				INFOPLIST_FILE = MuvucaUITests/Info.plist;
				LD_RUNPATH_SEARCH_PATHS = (
					"$(inherited)",
					"@executable_path/Frameworks",
					"@loader_path/Frameworks",
				);
				PRODUCT_BUNDLE_IDENTIFIER = br.ufpe.cin.academy.MuvucaUITests;
				PRODUCT_NAME = "$(TARGET_NAME)";
				SWIFT_VERSION = 5.0;
				TARGETED_DEVICE_FAMILY = "1,2";
				TEST_TARGET_NAME = Muvuca;
			};
			name = Release;
		};
		A7ED333C25D4218D00D465C2 /* Debug */ = {
			isa = XCBuildConfiguration;
			buildSettings = {
				CODE_SIGN_STYLE = Automatic;
				DEVELOPMENT_TEAM = KBDYNQ5FQB;
				INFOPLIST_FILE = MuvucaIntentsUI/Info.plist;
				LD_RUNPATH_SEARCH_PATHS = (
					"$(inherited)",
					"@executable_path/Frameworks",
					"@executable_path/../../Frameworks",
				);
				PRODUCT_BUNDLE_IDENTIFIER = br.ufpe.cin.academy.Muvuca2.MuvucaIntentsUI;
				PRODUCT_NAME = "$(TARGET_NAME)";
				SKIP_INSTALL = YES;
				SWIFT_VERSION = 5.0;
				TARGETED_DEVICE_FAMILY = "1,2";
			};
			name = Debug;
		};
		A7ED333D25D4218D00D465C2 /* Release */ = {
			isa = XCBuildConfiguration;
			buildSettings = {
				CODE_SIGN_STYLE = Automatic;
				DEVELOPMENT_TEAM = KBDYNQ5FQB;
				INFOPLIST_FILE = MuvucaIntentsUI/Info.plist;
				LD_RUNPATH_SEARCH_PATHS = (
					"$(inherited)",
					"@executable_path/Frameworks",
					"@executable_path/../../Frameworks",
				);
				PRODUCT_BUNDLE_IDENTIFIER = br.ufpe.cin.academy.Muvuca2.MuvucaIntentsUI;
				PRODUCT_NAME = "$(TARGET_NAME)";
				SKIP_INSTALL = YES;
				SWIFT_VERSION = 5.0;
				TARGETED_DEVICE_FAMILY = "1,2";
			};
			name = Release;
		};
		A7ED333F25D4218D00D465C2 /* Debug */ = {
			isa = XCBuildConfiguration;
			buildSettings = {
				CODE_SIGN_STYLE = Automatic;
				DEVELOPMENT_TEAM = KBDYNQ5FQB;
				INFOPLIST_FILE = MuvucaIntents/Info.plist;
				LD_RUNPATH_SEARCH_PATHS = (
					"$(inherited)",
					"@executable_path/Frameworks",
					"@executable_path/../../Frameworks",
				);
				PRODUCT_BUNDLE_IDENTIFIER = br.ufpe.cin.academy.Muvuca2.MuvucaIntents;
				PRODUCT_NAME = "$(TARGET_NAME)";
				SKIP_INSTALL = YES;
				SWIFT_VERSION = 5.0;
				TARGETED_DEVICE_FAMILY = "1,2";
			};
			name = Debug;
		};
		A7ED334025D4218D00D465C2 /* Release */ = {
			isa = XCBuildConfiguration;
			buildSettings = {
				CODE_SIGN_STYLE = Automatic;
				DEVELOPMENT_TEAM = KBDYNQ5FQB;
				INFOPLIST_FILE = MuvucaIntents/Info.plist;
				LD_RUNPATH_SEARCH_PATHS = (
					"$(inherited)",
					"@executable_path/Frameworks",
					"@executable_path/../../Frameworks",
				);
				PRODUCT_BUNDLE_IDENTIFIER = br.ufpe.cin.academy.Muvuca2.MuvucaIntents;
				PRODUCT_NAME = "$(TARGET_NAME)";
				SKIP_INSTALL = YES;
				SWIFT_VERSION = 5.0;
				TARGETED_DEVICE_FAMILY = "1,2";
			};
			name = Release;
		};
/* End XCBuildConfiguration section */

/* Begin XCConfigurationList section */
		A711000825D1814F00FC7F81 /* Build configuration list for PBXProject "Muvuca" */ = {
			isa = XCConfigurationList;
			buildConfigurations = (
				A711003025D1815200FC7F81 /* Debug */,
				A711003125D1815200FC7F81 /* Release */,
			);
			defaultConfigurationIsVisible = 0;
			defaultConfigurationName = Release;
		};
		A711003225D1815200FC7F81 /* Build configuration list for PBXNativeTarget "Muvuca" */ = {
			isa = XCConfigurationList;
			buildConfigurations = (
				A711003325D1815200FC7F81 /* Debug */,
				A711003425D1815200FC7F81 /* Release */,
			);
			defaultConfigurationIsVisible = 0;
			defaultConfigurationName = Release;
		};
		A711003525D1815200FC7F81 /* Build configuration list for PBXNativeTarget "MuvucaTests" */ = {
			isa = XCConfigurationList;
			buildConfigurations = (
				A711003625D1815200FC7F81 /* Debug */,
				A711003725D1815200FC7F81 /* Release */,
			);
			defaultConfigurationIsVisible = 0;
			defaultConfigurationName = Release;
		};
		A711003825D1815200FC7F81 /* Build configuration list for PBXNativeTarget "MuvucaUITests" */ = {
			isa = XCConfigurationList;
			buildConfigurations = (
				A711003925D1815200FC7F81 /* Debug */,
				A711003A25D1815200FC7F81 /* Release */,
			);
			defaultConfigurationIsVisible = 0;
			defaultConfigurationName = Release;
		};
		A7ED333B25D4218D00D465C2 /* Build configuration list for PBXNativeTarget "MuvucaIntentsUI" */ = {
			isa = XCConfigurationList;
			buildConfigurations = (
				A7ED333C25D4218D00D465C2 /* Debug */,
				A7ED333D25D4218D00D465C2 /* Release */,
			);
			defaultConfigurationIsVisible = 0;
			defaultConfigurationName = Release;
		};
		A7ED333E25D4218D00D465C2 /* Build configuration list for PBXNativeTarget "MuvucaIntents" */ = {
			isa = XCConfigurationList;
			buildConfigurations = (
				A7ED333F25D4218D00D465C2 /* Debug */,
				A7ED334025D4218D00D465C2 /* Release */,
			);
			defaultConfigurationIsVisible = 0;
			defaultConfigurationName = Release;
		};
/* End XCConfigurationList section */
	};
	rootObject = A711000525D1814F00FC7F81 /* Project object */;
}
